
Microsoft Visual Studio Solution File, Format Version 12.00
# Visual Studio Version 16
VisualStudioVersion = 16.0.31410.357
MinimumVisualStudioVersion = 10.0.40219.1
Project("{9A19103F-16F7-4668-BE54-9A1E7A4F7556}") = "NLBlog.Data", "NLBlog.Data\NLBlog.Data.csproj", "{4385E360-9B40-45DF-A744-CF8F1CB7F6A1}"
EndProject
Project("{9A19103F-16F7-4668-BE54-9A1E7A4F7556}") = "NLBlog.Entities", "NLBlog.Entities\NLBlog.Entities.csproj", "{697D4722-CC07-4D92-BA97-74007A08CC86}"
EndProject
Project("{9A19103F-16F7-4668-BE54-9A1E7A4F7556}") = "NLBlog.Services", "NLBlog.Services\NLBlog.Services.csproj", "{02B7C83E-EB41-4AC8-9AF6-76EB7215918B}"
EndProject
Project("{9A19103F-16F7-4668-BE54-9A1E7A4F7556}") = "NLBlog.Shared", "NLBLog.Shared\NLBlog.Shared.csproj", "{E4C86404-6410-4113-85D2-D31706D05DA1}"
EndProject
Project("{9A19103F-16F7-4668-BE54-9A1E7A4F7556}") = "NLBlog.Mvc", "NLBlog.Mvc\NLBlog.Mvc.csproj", "{BBDACD6A-EEC2-4CCF-8ECE-7D1E535E9B13}"
EndProject
Global
	GlobalSection(SolutionConfigurationPlatforms) = preSolution
		Debug|Any CPU = Debug|Any CPU
		Release|Any CPU = Release|Any CPU
	EndGlobalSection
	GlobalSection(ProjectConfigurationPlatforms) = postSolution
		{4385E360-9B40-45DF-A744-CF8F1CB7F6A1}.Debug|Any CPU.ActiveCfg = Debug|Any CPU
		{4385E360-9B40-45DF-A744-CF8F1CB7F6A1}.Debug|Any CPU.Build.0 = Debug|Any CPU
		{4385E360-9B40-45DF-A744-CF8F1CB7F6A1}.Release|Any CPU.ActiveCfg = Release|Any CPU
		{4385E360-9B40-45DF-A744-CF8F1CB7F6A1}.Release|Any CPU.Build.0 = Release|Any CPU
		{697D4722-CC07-4D92-BA97-74007A08CC86}.Debug|Any CPU.ActiveCfg = Debug|Any CPU
		{697D4722-CC07-4D92-BA97-74007A08CC86}.Debug|Any CPU.Build.0 = Debug|Any CPU
		{697D4722-CC07-4D92-BA97-74007A08CC86}.Release|Any CPU.ActiveCfg = Release|Any CPU
		{697D4722-CC07-4D92-BA97-74007A08CC86}.Release|Any CPU.Build.0 = Release|Any CPU
		{02B7C83E-EB41-4AC8-9AF6-76EB7215918B}.Debug|Any CPU.ActiveCfg = Debug|Any CPU
		{02B7C83E-EB41-4AC8-9AF6-76EB7215918B}.Debug|Any CPU.Build.0 = Debug|Any CPU
		{02B7C83E-EB41-4AC8-9AF6-76EB7215918B}.Release|Any CPU.ActiveCfg = Release|Any CPU
		{02B7C83E-EB41-4AC8-9AF6-76EB7215918B}.Release|Any CPU.Build.0 = Release|Any CPU
		{E4C86404-6410-4113-85D2-D31706D05DA1}.Debug|Any CPU.ActiveCfg = Debug|Any CPU
		{E4C86404-6410-4113-85D2-D31706D05DA1}.Debug|Any CPU.Build.0 = Debug|Any CPU
		{E4C86404-6410-4113-85D2-D31706D05DA1}.Release|Any CPU.ActiveCfg = Release|Any CPU
		{E4C86404-6410-4113-85D2-D31706D05DA1}.Release|Any CPU.Build.0 = Release|Any CPU
		{BBDACD6A-EEC2-4CCF-8ECE-7D1E535E9B13}.Debug|Any CPU.ActiveCfg = Debug|Any CPU
		{BBDACD6A-EEC2-4CCF-8ECE-7D1E535E9B13}.Debug|Any CPU.Build.0 = Debug|Any CPU
		{BBDACD6A-EEC2-4CCF-8ECE-7D1E535E9B13}.Release|Any CPU.ActiveCfg = Release|Any CPU
		{BBDACD6A-EEC2-4CCF-8ECE-7D1E535E9B13}.Release|Any CPU.Build.0 = Release|Any CPU
	EndGlobalSection
	GlobalSection(SolutionProperties) = preSolution
		HideSolutionNode = FALSE
	EndGlobalSection
	GlobalSection(ExtensibilityGlobals) = postSolution
		SolutionGuid = {41378379-5F4D-4267-80B8-77F4E7BAD566}
	EndGlobalSection
EndGlobal
